
Microsoft Visual Studio Solution File, Format Version 12.00
# Visual Studio Version 16
VisualStudioVersion = 16.0.31112.23
MinimumVisualStudioVersion = 10.0.40219.1
Project("{FAE04EC0-301F-11D3-BF4B-00C04F79EFBC}") = "Tests", "Tests\Tests.csproj", "{C1872F6F-0790-4F67-AECF-43F41AA8E937}"
EndProject
Project("{FAE04EC0-301F-11D3-BF4B-00C04F79EFBC}") = "WindowsFormsApp1", "WindowsFormsApp1\WindowsFormsApp1.csproj", "{E6F9F4A0-90E1-4665-922F-547F4545D50E}"
EndProject
Global
	GlobalSection(SolutionConfigurationPlatforms) = preSolution
		Debug|Any CPU = Debug|Any CPU
		Release|Any CPU = Release|Any CPU
	EndGlobalSection
	GlobalSection(ProjectConfigurationPlatforms) = postSolution
		{C1872F6F-0790-4F67-AECF-43F41AA8E937}.Debug|Any CPU.ActiveCfg = Debug|Any CPU
		{C1872F6F-0790-4F67-AECF-43F41AA8E937}.Debug|Any CPU.Build.0 = Debug|Any CPU
		{C1872F6F-0790-4F67-AECF-43F41AA8E937}.Release|Any CPU.ActiveCfg = Release|Any CPU
		{C1872F6F-0790-4F67-AECF-43F41AA8E937}.Release|Any CPU.Build.0 = Release|Any CPU
		{E6F9F4A0-90E1-4665-922F-547F4545D50E}.Debug|Any CPU.ActiveCfg = Debug|Any CPU
		{E6F9F4A0-90E1-4665-922F-547F4545D50E}.Debug|Any CPU.Build.0 = Debug|Any CPU
		{E6F9F4A0-90E1-4665-922F-547F4545D50E}.Release|Any CPU.ActiveCfg = Release|Any CPU
		{E6F9F4A0-90E1-4665-922F-547F4545D50E}.Release|Any CPU.Build.0 = Release|Any CPU
	EndGlobalSection
	GlobalSection(SolutionProperties) = preSolution
		HideSolutionNode = FALSE
	EndGlobalSection
	GlobalSection(ExtensibilityGlobals) = postSolution
		SolutionGuid = {C65757BA-38A6-4875-84EE-397B6D54DDE3}
	EndGlobalSection
EndGlobal
